
Microsoft Visual Studio Solution File, Format Version 12.00
# Visual Studio Version 17
VisualStudioVersion = 17.7.34024.191
MinimumVisualStudioVersion = 10.0.40219.1
Project("{FAE04EC0-301F-11D3-BF4B-00C04F79EFBC}") = "L4", "L4\L4.csproj", "{2EA212D2-12BC-4E8E-89B4-BEA1F81811BB}"
EndProject
Project("{FAE04EC0-301F-11D3-BF4B-00C04F79EFBC}") = "LabsLibrary", "LabsLibrary\LabsLibrary.csproj", "{DE4E7E44-2F59-4CB9-B42E-406CE1EF73BB}"
EndProject
Global
	GlobalSection(SolutionConfigurationPlatforms) = preSolution
		Debug|Any CPU = Debug|Any CPU
		Release|Any CPU = Release|Any CPU
	EndGlobalSection
	GlobalSection(ProjectConfigurationPlatforms) = postSolution
		{2EA212D2-12BC-4E8E-89B4-BEA1F81811BB}.Debug|Any CPU.ActiveCfg = Debug|Any CPU
		{2EA212D2-12BC-4E8E-89B4-BEA1F81811BB}.Debug|Any CPU.Build.0 = Debug|Any CPU
		{2EA212D2-12BC-4E8E-89B4-BEA1F81811BB}.Release|Any CPU.ActiveCfg = Release|Any CPU
		{2EA212D2-12BC-4E8E-89B4-BEA1F81811BB}.Release|Any CPU.Build.0 = Release|Any CPU
		{DE4E7E44-2F59-4CB9-B42E-406CE1EF73BB}.Debug|Any CPU.ActiveCfg = Debug|Any CPU
		{DE4E7E44-2F59-4CB9-B42E-406CE1EF73BB}.Debug|Any CPU.Build.0 = Debug|Any CPU
		{DE4E7E44-2F59-4CB9-B42E-406CE1EF73BB}.Release|Any CPU.ActiveCfg = Release|Any CPU
		{DE4E7E44-2F59-4CB9-B42E-406CE1EF73BB}.Release|Any CPU.Build.0 = Release|Any CPU
	EndGlobalSection
	GlobalSection(SolutionProperties) = preSolution
		HideSolutionNode = FALSE
	EndGlobalSection
	GlobalSection(ExtensibilityGlobals) = postSolution
		SolutionGuid = {17B46872-1E08-46BF-B281-B62B6CD117E2}
	EndGlobalSection
EndGlobal
